
Microsoft Visual Studio Solution File, Format Version 12.00
# Visual Studio Version 16
VisualStudioVersion = 16.0.30804.86
MinimumVisualStudioVersion = 10.0.40219.1
Project("{8BC9CEB8-8B4A-11D0-8D11-00A0C91BC942}") = "intervalle_bib", "intervalle_bib\intervalle_bib.vcxproj", "{6E5EED26-E697-42A4-901D-6AC953B4143F}"
EndProject
Project("{8BC9CEB8-8B4A-11D0-8D11-00A0C91BC942}") = "user_interval", "user_interval\user_interval.vcxproj", "{8DB6BD33-9158-4E87-9017-0835E26B934E}"
EndProject
Global
	GlobalSection(SolutionConfigurationPlatforms) = preSolution
		Debug|x64 = Debug|x64
		Debug|x86 = Debug|x86
		Release|x64 = Release|x64
		Release|x86 = Release|x86
	EndGlobalSection
	GlobalSection(ProjectConfigurationPlatforms) = postSolution
		{6E5EED26-E697-42A4-901D-6AC953B4143F}.Debug|x64.ActiveCfg = Debug|x64
		{6E5EED26-E697-42A4-901D-6AC953B4143F}.Debug|x64.Build.0 = Debug|x64
		{6E5EED26-E697-42A4-901D-6AC953B4143F}.Debug|x86.ActiveCfg = Debug|Win32
		{6E5EED26-E697-42A4-901D-6AC953B4143F}.Debug|x86.Build.0 = Debug|Win32
		{6E5EED26-E697-42A4-901D-6AC953B4143F}.Release|x64.ActiveCfg = Release|x64
		{6E5EED26-E697-42A4-901D-6AC953B4143F}.Release|x64.Build.0 = Release|x64
		{6E5EED26-E697-42A4-901D-6AC953B4143F}.Release|x86.ActiveCfg = Release|Win32
		{6E5EED26-E697-42A4-901D-6AC953B4143F}.Release|x86.Build.0 = Release|Win32
		{8DB6BD33-9158-4E87-9017-0835E26B934E}.Debug|x64.ActiveCfg = Debug|x64
		{8DB6BD33-9158-4E87-9017-0835E26B934E}.Debug|x64.Build.0 = Debug|x64
		{8DB6BD33-9158-4E87-9017-0835E26B934E}.Debug|x86.ActiveCfg = Debug|Win32
		{8DB6BD33-9158-4E87-9017-0835E26B934E}.Debug|x86.Build.0 = Debug|Win32
		{8DB6BD33-9158-4E87-9017-0835E26B934E}.Release|x64.ActiveCfg = Release|x64
		{8DB6BD33-9158-4E87-9017-0835E26B934E}.Release|x64.Build.0 = Release|x64
		{8DB6BD33-9158-4E87-9017-0835E26B934E}.Release|x86.ActiveCfg = Release|Win32
		{8DB6BD33-9158-4E87-9017-0835E26B934E}.Release|x86.Build.0 = Release|Win32
	EndGlobalSection
	GlobalSection(SolutionProperties) = preSolution
		HideSolutionNode = FALSE
	EndGlobalSection
	GlobalSection(ExtensibilityGlobals) = postSolution
		SolutionGuid = {B304C170-8D61-4319-B8E1-6DF2D5821749}
	EndGlobalSection
EndGlobal
